
Microsoft Visual Studio Solution File, Format Version 12.00
# Visual Studio Version 17
VisualStudioVersion = 17.7.34024.191
MinimumVisualStudioVersion = 10.0.40219.1
Project("{FAE04EC0-301F-11D3-BF4B-00C04F79EFBC}") = "practice2", "practice2\practice2.csproj", "{02182F2A-F3AA-4887-BB22-22DB4BEA9CA4}"
EndProject
Global
	GlobalSection(SolutionConfigurationPlatforms) = preSolution
		Debug|Any CPU = Debug|Any CPU
		Release|Any CPU = Release|Any CPU
	EndGlobalSection
	GlobalSection(ProjectConfigurationPlatforms) = postSolution
		{02182F2A-F3AA-4887-BB22-22DB4BEA9CA4}.Debug|Any CPU.ActiveCfg = Debug|Any CPU
		{02182F2A-F3AA-4887-BB22-22DB4BEA9CA4}.Debug|Any CPU.Build.0 = Debug|Any CPU
		{02182F2A-F3AA-4887-BB22-22DB4BEA9CA4}.Release|Any CPU.ActiveCfg = Release|Any CPU
		{02182F2A-F3AA-4887-BB22-22DB4BEA9CA4}.Release|Any CPU.Build.0 = Release|Any CPU
	EndGlobalSection
	GlobalSection(SolutionProperties) = preSolution
		HideSolutionNode = FALSE
	EndGlobalSection
	GlobalSection(ExtensibilityGlobals) = postSolution
		SolutionGuid = {671FCF00-A857-4221-B19D-9A3B6D0C0394}
	EndGlobalSection
EndGlobal
